
Microsoft Visual Studio Solution File, Format Version 12.00
# Visual Studio 14
VisualStudioVersion = 14.0.25123.0
MinimumVisualStudioVersion = 10.0.40219.1
Project("{2150E333-8FDC-42A3-9474-1A3956D46DE8}") = "api", "api", "{2D12448B-D843-4A4D-B160-FC4FF80452B9}"
EndProject
Project("{2150E333-8FDC-42A3-9474-1A3956D46DE8}") = "customer", "customer", "{3927F0FD-A720-4743-91B4-0E11F1F44176}"
EndProject
Project("{FAE04EC0-301F-11D3-BF4B-00C04F79EFBC}") = "customer.Interface", "api\customer\customer.Interface\customer.Interface.csproj", "{5B5784B1-B6BD-4A2D-8648-24595D74CFD0}"
EndProject
Project("{FAE04EC0-301F-11D3-BF4B-00C04F79EFBC}") = "customer.Implementation", "api\customer\customer.Implementation\customer.Implementation.csproj", "{D3755ED0-2CF9-4AD8-A456-53EFE5FB4F7A}"
EndProject
Project("{FAE04EC0-301F-11D3-BF4B-00C04F79EFBC}") = "customer.Controller", "api\customer\customer.Controller\customer.Controller.csproj", "{AC8E7B43-1BFA-400A-8048-CE8A6B6BCFEF}"
EndProject
Project("{FAE04EC0-301F-11D3-BF4B-00C04F79EFBC}") = "Step003", "Step003\Step003.csproj", "{DEF2BC97-162B-460E-A915-3590A123D5DB}"
EndProject
Project("{2150E333-8FDC-42A3-9474-1A3956D46DE8}") = "product", "product", "{6D499382-158F-479F-8EE0-4F50116BA960}"
EndProject
Project("{2150E333-8FDC-42A3-9474-1A3956D46DE8}") = "order", "order", "{B2FBD97C-B295-42AB-A906-10C7266564C6}"
EndProject
Project("{FAE04EC0-301F-11D3-BF4B-00C04F79EFBC}") = "product.Interface", "api\product\product.Interface\product.Interface.csproj", "{54DFA10F-BA9F-49B6-89DD-3260BC462165}"
EndProject
Project("{FAE04EC0-301F-11D3-BF4B-00C04F79EFBC}") = "product.Controller", "api\product\product.Controller\product.Controller.csproj", "{EAD84FA9-83DF-49C6-B4DB-DEAD2B15C37F}"
EndProject
Project("{2150E333-8FDC-42A3-9474-1A3956D46DE8}") = "library", "library", "{A02E951F-83E0-434E-BC06-E4B9988E11A4}"
EndProject
Project("{FAE04EC0-301F-11D3-BF4B-00C04F79EFBC}") = "Controllers", "api\library\Controllers\Controllers.csproj", "{12E987C4-F433-48A0-BD01-98E0B207348E}"
EndProject
Project("{FAE04EC0-301F-11D3-BF4B-00C04F79EFBC}") = "MemoryList", "api\library\MemoryList\MemoryList.csproj", "{D24A6BCF-B186-4151-A41E-80AB15C31377}"
EndProject
Project("{FAE04EC0-301F-11D3-BF4B-00C04F79EFBC}") = "product.Implementation", "api\product\product.Implementation\product.Implementation.csproj", "{9B830067-AF6B-4417-901F-93480169F6ED}"
EndProject
Global
	GlobalSection(SolutionConfigurationPlatforms) = preSolution
		Debug|Any CPU = Debug|Any CPU
		Release|Any CPU = Release|Any CPU
	EndGlobalSection
	GlobalSection(ProjectConfigurationPlatforms) = postSolution
		{5B5784B1-B6BD-4A2D-8648-24595D74CFD0}.Debug|Any CPU.ActiveCfg = Debug|Any CPU
		{5B5784B1-B6BD-4A2D-8648-24595D74CFD0}.Debug|Any CPU.Build.0 = Debug|Any CPU
		{5B5784B1-B6BD-4A2D-8648-24595D74CFD0}.Release|Any CPU.ActiveCfg = Release|Any CPU
		{5B5784B1-B6BD-4A2D-8648-24595D74CFD0}.Release|Any CPU.Build.0 = Release|Any CPU
		{D3755ED0-2CF9-4AD8-A456-53EFE5FB4F7A}.Debug|Any CPU.ActiveCfg = Debug|Any CPU
		{D3755ED0-2CF9-4AD8-A456-53EFE5FB4F7A}.Debug|Any CPU.Build.0 = Debug|Any CPU
		{D3755ED0-2CF9-4AD8-A456-53EFE5FB4F7A}.Release|Any CPU.ActiveCfg = Release|Any CPU
		{D3755ED0-2CF9-4AD8-A456-53EFE5FB4F7A}.Release|Any CPU.Build.0 = Release|Any CPU
		{AC8E7B43-1BFA-400A-8048-CE8A6B6BCFEF}.Debug|Any CPU.ActiveCfg = Debug|Any CPU
		{AC8E7B43-1BFA-400A-8048-CE8A6B6BCFEF}.Debug|Any CPU.Build.0 = Debug|Any CPU
		{AC8E7B43-1BFA-400A-8048-CE8A6B6BCFEF}.Release|Any CPU.ActiveCfg = Release|Any CPU
		{AC8E7B43-1BFA-400A-8048-CE8A6B6BCFEF}.Release|Any CPU.Build.0 = Release|Any CPU
		{DEF2BC97-162B-460E-A915-3590A123D5DB}.Debug|Any CPU.ActiveCfg = Debug|Any CPU
		{DEF2BC97-162B-460E-A915-3590A123D5DB}.Debug|Any CPU.Build.0 = Debug|Any CPU
		{DEF2BC97-162B-460E-A915-3590A123D5DB}.Release|Any CPU.ActiveCfg = Release|Any CPU
		{DEF2BC97-162B-460E-A915-3590A123D5DB}.Release|Any CPU.Build.0 = Release|Any CPU
		{54DFA10F-BA9F-49B6-89DD-3260BC462165}.Debug|Any CPU.ActiveCfg = Debug|Any CPU
		{54DFA10F-BA9F-49B6-89DD-3260BC462165}.Debug|Any CPU.Build.0 = Debug|Any CPU
		{54DFA10F-BA9F-49B6-89DD-3260BC462165}.Release|Any CPU.ActiveCfg = Release|Any CPU
		{54DFA10F-BA9F-49B6-89DD-3260BC462165}.Release|Any CPU.Build.0 = Release|Any CPU
		{EAD84FA9-83DF-49C6-B4DB-DEAD2B15C37F}.Debug|Any CPU.ActiveCfg = Debug|Any CPU
		{EAD84FA9-83DF-49C6-B4DB-DEAD2B15C37F}.Debug|Any CPU.Build.0 = Debug|Any CPU
		{EAD84FA9-83DF-49C6-B4DB-DEAD2B15C37F}.Release|Any CPU.ActiveCfg = Release|Any CPU
		{EAD84FA9-83DF-49C6-B4DB-DEAD2B15C37F}.Release|Any CPU.Build.0 = Release|Any CPU
		{12E987C4-F433-48A0-BD01-98E0B207348E}.Debug|Any CPU.ActiveCfg = Debug|Any CPU
		{12E987C4-F433-48A0-BD01-98E0B207348E}.Debug|Any CPU.Build.0 = Debug|Any CPU
		{12E987C4-F433-48A0-BD01-98E0B207348E}.Release|Any CPU.ActiveCfg = Release|Any CPU
		{12E987C4-F433-48A0-BD01-98E0B207348E}.Release|Any CPU.Build.0 = Release|Any CPU
		{D24A6BCF-B186-4151-A41E-80AB15C31377}.Debug|Any CPU.ActiveCfg = Debug|Any CPU
		{D24A6BCF-B186-4151-A41E-80AB15C31377}.Debug|Any CPU.Build.0 = Debug|Any CPU
		{D24A6BCF-B186-4151-A41E-80AB15C31377}.Release|Any CPU.ActiveCfg = Release|Any CPU
		{D24A6BCF-B186-4151-A41E-80AB15C31377}.Release|Any CPU.Build.0 = Release|Any CPU
		{9B830067-AF6B-4417-901F-93480169F6ED}.Debug|Any CPU.ActiveCfg = Debug|Any CPU
		{9B830067-AF6B-4417-901F-93480169F6ED}.Debug|Any CPU.Build.0 = Debug|Any CPU
		{9B830067-AF6B-4417-901F-93480169F6ED}.Release|Any CPU.ActiveCfg = Release|Any CPU
		{9B830067-AF6B-4417-901F-93480169F6ED}.Release|Any CPU.Build.0 = Release|Any CPU
	EndGlobalSection
	GlobalSection(SolutionProperties) = preSolution
		HideSolutionNode = FALSE
	EndGlobalSection
	GlobalSection(NestedProjects) = preSolution
		{3927F0FD-A720-4743-91B4-0E11F1F44176} = {2D12448B-D843-4A4D-B160-FC4FF80452B9}
		{5B5784B1-B6BD-4A2D-8648-24595D74CFD0} = {3927F0FD-A720-4743-91B4-0E11F1F44176}
		{D3755ED0-2CF9-4AD8-A456-53EFE5FB4F7A} = {3927F0FD-A720-4743-91B4-0E11F1F44176}
		{AC8E7B43-1BFA-400A-8048-CE8A6B6BCFEF} = {3927F0FD-A720-4743-91B4-0E11F1F44176}
		{6D499382-158F-479F-8EE0-4F50116BA960} = {2D12448B-D843-4A4D-B160-FC4FF80452B9}
		{B2FBD97C-B295-42AB-A906-10C7266564C6} = {2D12448B-D843-4A4D-B160-FC4FF80452B9}
		{54DFA10F-BA9F-49B6-89DD-3260BC462165} = {6D499382-158F-479F-8EE0-4F50116BA960}
		{EAD84FA9-83DF-49C6-B4DB-DEAD2B15C37F} = {6D499382-158F-479F-8EE0-4F50116BA960}
		{A02E951F-83E0-434E-BC06-E4B9988E11A4} = {2D12448B-D843-4A4D-B160-FC4FF80452B9}
		{12E987C4-F433-48A0-BD01-98E0B207348E} = {A02E951F-83E0-434E-BC06-E4B9988E11A4}
		{D24A6BCF-B186-4151-A41E-80AB15C31377} = {A02E951F-83E0-434E-BC06-E4B9988E11A4}
		{9B830067-AF6B-4417-901F-93480169F6ED} = {6D499382-158F-479F-8EE0-4F50116BA960}
	EndGlobalSection
EndGlobal
